
Microsoft Visual Studio Solution File, Format Version 12.00
# Visual Studio Version 16
VisualStudioVersion = 16.0.31005.135
MinimumVisualStudioVersion = 10.0.40219.1
Project("{9A19103F-16F7-4668-BE54-9A1E7A4F7556}") = "LeiKaiFeng.X509Certificates", "LeiKaiFeng.X509Certificates\LeiKaiFeng.X509Certificates.csproj", "{9C5B0DA9-C25D-49BF-8475-F11C8339EEBF}"
EndProject
Global
	GlobalSection(SolutionConfigurationPlatforms) = preSolution
		Debug|Any CPU = Debug|Any CPU
		Release|Any CPU = Release|Any CPU
	EndGlobalSection
	GlobalSection(ProjectConfigurationPlatforms) = postSolution
		{9C5B0DA9-C25D-49BF-8475-F11C8339EEBF}.Debug|Any CPU.ActiveCfg = Debug|Any CPU
		{9C5B0DA9-C25D-49BF-8475-F11C8339EEBF}.Debug|Any CPU.Build.0 = Debug|Any CPU
		{9C5B0DA9-C25D-49BF-8475-F11C8339EEBF}.Release|Any CPU.ActiveCfg = Release|Any CPU
		{9C5B0DA9-C25D-49BF-8475-F11C8339EEBF}.Release|Any CPU.Build.0 = Release|Any CPU
	EndGlobalSection
	GlobalSection(SolutionProperties) = preSolution
		HideSolutionNode = FALSE
	EndGlobalSection
	GlobalSection(ExtensibilityGlobals) = postSolution
		SolutionGuid = {AB1B924F-FAE1-44D1-A560-25C0D046FEBA}
	EndGlobalSection
EndGlobal
